
Microsoft Visual Studio Solution File, Format Version 12.00
# Visual Studio Version 16
VisualStudioVersion = 16.0.32510.428
MinimumVisualStudioVersion = 10.0.40219.1
Project("{FAE04EC0-301F-11D3-BF4B-00C04F79EFBC}") = "BDRPracticaWeb", "BDRPracticaWeb\BDRPracticaWeb.csproj", "{C5017579-716B-4358-8FEC-F752EBAA816B}"
EndProject
Global
	GlobalSection(SolutionConfigurationPlatforms) = preSolution
		Debug|Any CPU = Debug|Any CPU
		Release|Any CPU = Release|Any CPU
	EndGlobalSection
	GlobalSection(ProjectConfigurationPlatforms) = postSolution
		{C5017579-716B-4358-8FEC-F752EBAA816B}.Debug|Any CPU.ActiveCfg = Debug|Any CPU
		{C5017579-716B-4358-8FEC-F752EBAA816B}.Debug|Any CPU.Build.0 = Debug|Any CPU
		{C5017579-716B-4358-8FEC-F752EBAA816B}.Release|Any CPU.ActiveCfg = Release|Any CPU
		{C5017579-716B-4358-8FEC-F752EBAA816B}.Release|Any CPU.Build.0 = Release|Any CPU
	EndGlobalSection
	GlobalSection(SolutionProperties) = preSolution
		HideSolutionNode = FALSE
	EndGlobalSection
	GlobalSection(ExtensibilityGlobals) = postSolution
		SolutionGuid = {B93D1C90-8980-40B5-928B-E7DF906BF59C}
	EndGlobalSection
EndGlobal
